
Microsoft Visual Studio Solution File, Format Version 12.00
# Visual Studio Version 17
VisualStudioVersion = 17.13.35828.75 d17.13
MinimumVisualStudioVersion = 10.0.40219.1
Project("{FAE04EC0-301F-11D3-BF4B-00C04F79EFBC}") = "WpfApp14", "WpfApp14\WpfApp14.csproj", "{94EBA479-7151-4EEC-94CB-FB595B519479}"
EndProject
Global
	GlobalSection(SolutionConfigurationPlatforms) = preSolution
		Debug|Any CPU = Debug|Any CPU
		Release|Any CPU = Release|Any CPU
	EndGlobalSection
	GlobalSection(ProjectConfigurationPlatforms) = postSolution
		{94EBA479-7151-4EEC-94CB-FB595B519479}.Debug|Any CPU.ActiveCfg = Debug|Any CPU
		{94EBA479-7151-4EEC-94CB-FB595B519479}.Debug|Any CPU.Build.0 = Debug|Any CPU
		{94EBA479-7151-4EEC-94CB-FB595B519479}.Release|Any CPU.ActiveCfg = Release|Any CPU
		{94EBA479-7151-4EEC-94CB-FB595B519479}.Release|Any CPU.Build.0 = Release|Any CPU
	EndGlobalSection
	GlobalSection(SolutionProperties) = preSolution
		HideSolutionNode = FALSE
	EndGlobalSection
	GlobalSection(ExtensibilityGlobals) = postSolution
		SolutionGuid = {DF6B4395-2A7D-4AE4-81A1-B5F0BC5449E7}
	EndGlobalSection
EndGlobal
